
Microsoft Visual Studio Solution File, Format Version 12.00
# Visual Studio 15
VisualStudioVersion = 15.0.28307.1525
MinimumVisualStudioVersion = 10.0.40219.1
Project("{FAE04EC0-301F-11D3-BF4B-00C04F79EFBC}") = "Multiples3And5", "Multiples3And5\Multiples3And5.csproj", "{66BEE13D-BC69-4105-BBD7-73EE57EA6A2D}"
EndProject
Global
	GlobalSection(SolutionConfigurationPlatforms) = preSolution
		Debug|Any CPU = Debug|Any CPU
		Release|Any CPU = Release|Any CPU
	EndGlobalSection
	GlobalSection(ProjectConfigurationPlatforms) = postSolution
		{66BEE13D-BC69-4105-BBD7-73EE57EA6A2D}.Debug|Any CPU.ActiveCfg = Debug|Any CPU
		{66BEE13D-BC69-4105-BBD7-73EE57EA6A2D}.Debug|Any CPU.Build.0 = Debug|Any CPU
		{66BEE13D-BC69-4105-BBD7-73EE57EA6A2D}.Release|Any CPU.ActiveCfg = Release|Any CPU
		{66BEE13D-BC69-4105-BBD7-73EE57EA6A2D}.Release|Any CPU.Build.0 = Release|Any CPU
	EndGlobalSection
	GlobalSection(SolutionProperties) = preSolution
		HideSolutionNode = FALSE
	EndGlobalSection
	GlobalSection(ExtensibilityGlobals) = postSolution
		SolutionGuid = {EB591BF1-E51B-4EA6-B39A-A121E4727792}
	EndGlobalSection
EndGlobal
